// !$*UTF8*$!
{
	archiveVersion = 1;
	classes = {
	};
	objectVersion = 48;
	objects = {

/* Begin PBXBuildFile section */
		43CEB7721FB9FA54002DE24B /* iTunesSearch_ExampleTests.swift in Sources */ = {isa = PBXBuildFile; fileRef = 43CEB76E1FB9FA54002DE24B /* iTunesSearch_ExampleTests.swift */; };
		43CEB7731FB9FA54002DE24B /* SearchResultParserTests.swift in Sources */ = {isa = PBXBuildFile; fileRef = 43CEB76F1FB9FA54002DE24B /* SearchResultParserTests.swift */; };
		43CEB7741FB9FA54002DE24B /* Info.plist in Resources */ = {isa = PBXBuildFile; fileRef = 43CEB7711FB9FA54002DE24B /* Info.plist */; };
		43CEB7761FB9FDBF002DE24B /* SearchURLRequestFactoryTests.swift in Sources */ = {isa = PBXBuildFile; fileRef = 43CEB7751FB9FDBF002DE24B /* SearchURLRequestFactoryTests.swift */; };
		43CEB7781FBA0757002DE24B /* SearchDataManagerTests.swift in Sources */ = {isa = PBXBuildFile; fileRef = 43CEB7771FBA0757002DE24B /* SearchDataManagerTests.swift */; };
		43CEB77A1FBA11DB002DE24B /* QueueManagerTests.swift in Sources */ = {isa = PBXBuildFile; fileRef = 43CEB7791FBA11DA002DE24B /* QueueManagerTests.swift */; };
		43CEB77C1FBA12DC002DE24B /* CoalescibleOperationTests.swift in Sources */ = {isa = PBXBuildFile; fileRef = 43CEB77B1FBA12DC002DE24B /* CoalescibleOperationTests.swift */; };
		43E8AE211FB86DF300D27A2B /* AppDelegate.swift in Sources */ = {isa = PBXBuildFile; fileRef = 43E8AE161FB86DF300D27A2B /* AppDelegate.swift */; };
		43E8AE221FB86DF300D27A2B /* Info.plist in Resources */ = {isa = PBXBuildFile; fileRef = 43E8AE171FB86DF300D27A2B /* Info.plist */; };
		43E8AE231FB86DF300D27A2B /* SearchListViewController.swift in Sources */ = {isa = PBXBuildFile; fileRef = 43E8AE191FB86DF300D27A2B /* SearchListViewController.swift */; };
		43E8AE241FB86DF300D27A2B /* Assets.xcassets in Resources */ = {isa = PBXBuildFile; fileRef = 43E8AE1B1FB86DF300D27A2B /* Assets.xcassets */; };
		43E8AE251FB86DF300D27A2B /* LaunchScreen.storyboard in Resources */ = {isa = PBXBuildFile; fileRef = 43E8AE1D1FB86DF300D27A2B /* LaunchScreen.storyboard */; };
		43E8AE261FB86DF300D27A2B /* Main.storyboard in Resources */ = {isa = PBXBuildFile; fileRef = 43E8AE1F1FB86DF300D27A2B /* Main.storyboard */; };
		43E8AE311FB86FB500D27A2B /* SearchDataManager.swift in Sources */ = {isa = PBXBuildFile; fileRef = 43E8AE301FB86FB500D27A2B /* SearchDataManager.swift */; };
		43E8AE391FB86FF100D27A2B /* CoalescibleOperation.swift in Sources */ = {isa = PBXBuildFile; fileRef = 43E8AE361FB86FF100D27A2B /* CoalescibleOperation.swift */; };
		43E8AE3A1FB86FF100D27A2B /* ConcurrentOperation.swift in Sources */ = {isa = PBXBuildFile; fileRef = 43E8AE371FB86FF100D27A2B /* ConcurrentOperation.swift */; };
		43E8AE3F1FB8704D00D27A2B /* RequestConfig.swift in Sources */ = {isa = PBXBuildFile; fileRef = 43E8AE3D1FB8704D00D27A2B /* RequestConfig.swift */; };
		43E8AE401FB8704D00D27A2B /* RequestFactory.swift in Sources */ = {isa = PBXBuildFile; fileRef = 43E8AE3E1FB8704D00D27A2B /* RequestFactory.swift */; };
		43E8AE421FB8714600D27A2B /* SearchURLRequestFactory.swift in Sources */ = {isa = PBXBuildFile; fileRef = 43E8AE411FB8714600D27A2B /* SearchURLRequestFactory.swift */; };
		43E8AE441FB8724600D27A2B /* MusicSearchRetrievalOperation.swift in Sources */ = {isa = PBXBuildFile; fileRef = 43E8AE431FB8724600D27A2B /* MusicSearchRetrievalOperation.swift */; };
		43E8AE481FB8731E00D27A2B /* NSObject+Name.swift in Sources */ = {isa = PBXBuildFile; fileRef = 43E8AE471FB8731E00D27A2B /* NSObject+Name.swift */; };
		43E8AE4B1FB873CD00D27A2B /* QueueManager.swift in Sources */ = {isa = PBXBuildFile; fileRef = 43E8AE4A1FB873CD00D27A2B /* QueueManager.swift */; };
		43E8AE4D1FB8742400D27A2B /* SearchResult.swift in Sources */ = {isa = PBXBuildFile; fileRef = 43E8AE4C1FB8742400D27A2B /* SearchResult.swift */; };
		43E8AE4F1FB8A5A500D27A2B /* SearchResultParser.swift in Sources */ = {isa = PBXBuildFile; fileRef = 43E8AE4E1FB8A5A500D27A2B /* SearchResultParser.swift */; };
		43E8AE521FB8A5D400D27A2B /* Parser.swift in Sources */ = {isa = PBXBuildFile; fileRef = 43E8AE511FB8A5D400D27A2B /* Parser.swift */; };
/* End PBXBuildFile section */

/* Begin PBXContainerItemProxy section */
		43AB39411FB86D8000559D85 /* PBXContainerItemProxy */ = {
			isa = PBXContainerItemProxy;
			containerPortal = 43AB39241FB86D8000559D85 /* Project object */;
			proxyType = 1;
			remoteGlobalIDString = 43AB392B1FB86D8000559D85;
			remoteInfo = "iTunesSearch-Example";
		};
/* End PBXContainerItemProxy section */

/* Begin PBXFileReference section */
		43AB392C1FB86D8000559D85 /* iTunesSearch-Example.app */ = {isa = PBXFileReference; explicitFileType = wrapper.application; includeInIndex = 0; path = "iTunesSearch-Example.app"; sourceTree = BUILT_PRODUCTS_DIR; };
		43AB39401FB86D8000559D85 /* iTunesSearch-ExampleTests.xctest */ = {isa = PBXFileReference; explicitFileType = wrapper.cfbundle; includeInIndex = 0; path = "iTunesSearch-ExampleTests.xctest"; sourceTree = BUILT_PRODUCTS_DIR; };
		43CEB76E1FB9FA54002DE24B /* iTunesSearch_ExampleTests.swift */ = {isa = PBXFileReference; fileEncoding = 4; lastKnownFileType = sourcecode.swift; path = iTunesSearch_ExampleTests.swift; sourceTree = "<group>"; };
		43CEB76F1FB9FA54002DE24B /* SearchResultParserTests.swift */ = {isa = PBXFileReference; fileEncoding = 4; lastKnownFileType = sourcecode.swift; path = SearchResultParserTests.swift; sourceTree = "<group>"; };
		43CEB7711FB9FA54002DE24B /* Info.plist */ = {isa = PBXFileReference; fileEncoding = 4; lastKnownFileType = text.plist.xml; path = Info.plist; sourceTree = "<group>"; };
		43CEB7751FB9FDBF002DE24B /* SearchURLRequestFactoryTests.swift */ = {isa = PBXFileReference; lastKnownFileType = sourcecode.swift; path = SearchURLRequestFactoryTests.swift; sourceTree = "<group>"; };
		43CEB7771FBA0757002DE24B /* SearchDataManagerTests.swift */ = {isa = PBXFileReference; lastKnownFileType = sourcecode.swift; path = SearchDataManagerTests.swift; sourceTree = "<group>"; };
		43CEB7791FBA11DA002DE24B /* QueueManagerTests.swift */ = {isa = PBXFileReference; fileEncoding = 4; lastKnownFileType = sourcecode.swift; path = QueueManagerTests.swift; sourceTree = "<group>"; };
		43CEB77B1FBA12DC002DE24B /* CoalescibleOperationTests.swift */ = {isa = PBXFileReference; fileEncoding = 4; lastKnownFileType = sourcecode.swift; path = CoalescibleOperationTests.swift; sourceTree = "<group>"; };
		43E8AE161FB86DF300D27A2B /* AppDelegate.swift */ = {isa = PBXFileReference; fileEncoding = 4; lastKnownFileType = sourcecode.swift; path = AppDelegate.swift; sourceTree = "<group>"; };
		43E8AE171FB86DF300D27A2B /* Info.plist */ = {isa = PBXFileReference; fileEncoding = 4; lastKnownFileType = text.plist.xml; path = Info.plist; sourceTree = "<group>"; };
		43E8AE191FB86DF300D27A2B /* SearchListViewController.swift */ = {isa = PBXFileReference; fileEncoding = 4; lastKnownFileType = sourcecode.swift; path = SearchListViewController.swift; sourceTree = "<group>"; };
		43E8AE1B1FB86DF300D27A2B /* Assets.xcassets */ = {isa = PBXFileReference; lastKnownFileType = folder.assetcatalog; path = Assets.xcassets; sourceTree = "<group>"; };
		43E8AE1E1FB86DF300D27A2B /* Base */ = {isa = PBXFileReference; lastKnownFileType = file.storyboard; name = Base; path = Base.lproj/LaunchScreen.storyboard; sourceTree = "<group>"; };
		43E8AE201FB86DF300D27A2B /* Base */ = {isa = PBXFileReference; lastKnownFileType = file.storyboard; name = Base; path = Base.lproj/Main.storyboard; sourceTree = "<group>"; };
		43E8AE301FB86FB500D27A2B /* SearchDataManager.swift */ = {isa = PBXFileReference; fileEncoding = 4; lastKnownFileType = sourcecode.swift; path = SearchDataManager.swift; sourceTree = "<group>"; };
		43E8AE361FB86FF100D27A2B /* CoalescibleOperation.swift */ = {isa = PBXFileReference; fileEncoding = 4; lastKnownFileType = sourcecode.swift; path = CoalescibleOperation.swift; sourceTree = "<group>"; };
		43E8AE371FB86FF100D27A2B /* ConcurrentOperation.swift */ = {isa = PBXFileReference; fileEncoding = 4; lastKnownFileType = sourcecode.swift; path = ConcurrentOperation.swift; sourceTree = "<group>"; };
		43E8AE3D1FB8704D00D27A2B /* RequestConfig.swift */ = {isa = PBXFileReference; fileEncoding = 4; lastKnownFileType = sourcecode.swift; path = RequestConfig.swift; sourceTree = "<group>"; };
		43E8AE3E1FB8704D00D27A2B /* RequestFactory.swift */ = {isa = PBXFileReference; fileEncoding = 4; lastKnownFileType = sourcecode.swift; path = RequestFactory.swift; sourceTree = "<group>"; };
		43E8AE411FB8714600D27A2B /* SearchURLRequestFactory.swift */ = {isa = PBXFileReference; fileEncoding = 4; lastKnownFileType = sourcecode.swift; path = SearchURLRequestFactory.swift; sourceTree = "<group>"; };
		43E8AE431FB8724600D27A2B /* MusicSearchRetrievalOperation.swift */ = {isa = PBXFileReference; lastKnownFileType = sourcecode.swift; path = MusicSearchRetrievalOperation.swift; sourceTree = "<group>"; };
		43E8AE471FB8731E00D27A2B /* NSObject+Name.swift */ = {isa = PBXFileReference; fileEncoding = 4; lastKnownFileType = sourcecode.swift; path = "NSObject+Name.swift"; sourceTree = "<group>"; };
		43E8AE4A1FB873CD00D27A2B /* QueueManager.swift */ = {isa = PBXFileReference; fileEncoding = 4; lastKnownFileType = sourcecode.swift; path = QueueManager.swift; sourceTree = "<group>"; };
		43E8AE4C1FB8742400D27A2B /* SearchResult.swift */ = {isa = PBXFileReference; lastKnownFileType = sourcecode.swift; path = SearchResult.swift; sourceTree = "<group>"; };
		43E8AE4E1FB8A5A500D27A2B /* SearchResultParser.swift */ = {isa = PBXFileReference; lastKnownFileType = sourcecode.swift; path = SearchResultParser.swift; sourceTree = "<group>"; };
		43E8AE511FB8A5D400D27A2B /* Parser.swift */ = {isa = PBXFileReference; lastKnownFileType = sourcecode.swift; path = Parser.swift; sourceTree = "<group>"; };
/* End PBXFileReference section */

/* Begin PBXFrameworksBuildPhase section */
		43AB39291FB86D8000559D85 /* Frameworks */ = {
			isa = PBXFrameworksBuildPhase;
			buildActionMask = 2147483647;
			files = (
			);
			runOnlyForDeploymentPostprocessing = 0;
		};
		43AB393D1FB86D8000559D85 /* Frameworks */ = {
			isa = PBXFrameworksBuildPhase;
			buildActionMask = 2147483647;
			files = (
			);
			runOnlyForDeploymentPostprocessing = 0;
		};
/* End PBXFrameworksBuildPhase section */

/* Begin PBXGroup section */
		43AB39231FB86D8000559D85 = {
			isa = PBXGroup;
			children = (
				43AB392E1FB86D8000559D85 /* iTunesSearch-Example */,
				43AB39431FB86D8000559D85 /* iTunesSearch-ExampleTests */,
				43AB392D1FB86D8000559D85 /* Products */,
			);
			sourceTree = "<group>";
		};
		43AB392D1FB86D8000559D85 /* Products */ = {
			isa = PBXGroup;
			children = (
				43AB392C1FB86D8000559D85 /* iTunesSearch-Example.app */,
				43AB39401FB86D8000559D85 /* iTunesSearch-ExampleTests.xctest */,
			);
			name = Products;
			sourceTree = "<group>";
		};
		43AB392E1FB86D8000559D85 /* iTunesSearch-Example */ = {
			isa = PBXGroup;
			children = (
				43E8AE151FB86DF300D27A2B /* Application */,
				43E8AE2B1FB86F8F00D27A2B /* Data */,
				43E8AE451FB872FA00D27A2B /* Extensions */,
				43E8AE491FB873CD00D27A2B /* Managers */,
				43E8AE1A1FB86DF300D27A2B /* Resources */,
				43E8AE1C1FB86DF300D27A2B /* Storyboards */,
				43E8AE181FB86DF300D27A2B /* ViewControllers */,
			);
			path = "iTunesSearch-Example";
			sourceTree = "<group>";
		};
		43AB39431FB86D8000559D85 /* iTunesSearch-ExampleTests */ = {
			isa = PBXGroup;
			children = (
				43CEB7701FB9FA54002DE24B /* SupportingFiles */,
				43CEB76D1FB9FA54002DE24B /* Tests */,
			);
			path = "iTunesSearch-ExampleTests";
			sourceTree = "<group>";
		};
		43CEB76D1FB9FA54002DE24B /* Tests */ = {
			isa = PBXGroup;
			children = (
				43CEB77B1FBA12DC002DE24B /* CoalescibleOperationTests.swift */,
				43CEB76E1FB9FA54002DE24B /* iTunesSearch_ExampleTests.swift */,
				43CEB7791FBA11DA002DE24B /* QueueManagerTests.swift */,
				43CEB7771FBA0757002DE24B /* SearchDataManagerTests.swift */,
				43CEB76F1FB9FA54002DE24B /* SearchResultParserTests.swift */,
				43CEB7751FB9FDBF002DE24B /* SearchURLRequestFactoryTests.swift */,
			);
			path = Tests;
			sourceTree = "<group>";
		};
		43CEB7701FB9FA54002DE24B /* SupportingFiles */ = {
			isa = PBXGroup;
			children = (
				43CEB7711FB9FA54002DE24B /* Info.plist */,
			);
			path = SupportingFiles;
			sourceTree = "<group>";
		};
		43E8AE151FB86DF300D27A2B /* Application */ = {
			isa = PBXGroup;
			children = (
				43E8AE161FB86DF300D27A2B /* AppDelegate.swift */,
				43E8AE171FB86DF300D27A2B /* Info.plist */,
			);
			path = Application;
			sourceTree = "<group>";
		};
		43E8AE181FB86DF300D27A2B /* ViewControllers */ = {
			isa = PBXGroup;
			children = (
				43E8AE191FB86DF300D27A2B /* SearchListViewController.swift */,
			);
			path = ViewControllers;
			sourceTree = "<group>";
		};
		43E8AE1A1FB86DF300D27A2B /* Resources */ = {
			isa = PBXGroup;
			children = (
				43E8AE1B1FB86DF300D27A2B /* Assets.xcassets */,
			);
			path = Resources;
			sourceTree = "<group>";
		};
		43E8AE1C1FB86DF300D27A2B /* Storyboards */ = {
			isa = PBXGroup;
			children = (
				43E8AE1D1FB86DF300D27A2B /* LaunchScreen.storyboard */,
				43E8AE1F1FB86DF300D27A2B /* Main.storyboard */,
			);
			path = Storyboards;
			sourceTree = "<group>";
		};
		43E8AE2B1FB86F8F00D27A2B /* Data */ = {
			isa = PBXGroup;
			children = (
				43E8AE2C1FB86F8F00D27A2B /* Managers */,
				43E8AE2E1FB86F8F00D27A2B /* Model */,
			);
			path = Data;
			sourceTree = "<group>";
		};
		43E8AE2C1FB86F8F00D27A2B /* Managers */ = {
			isa = PBXGroup;
			children = (
				43E8AE331FB86FD800D27A2B /* Operations */,
				43E8AE321FB86FD800D27A2B /* Parsers */,
				43E8AE341FB86FD900D27A2B /* Requests */,
				43E8AE301FB86FB500D27A2B /* SearchDataManager.swift */,
			);
			path = Managers;
			sourceTree = "<group>";
		};
		43E8AE2E1FB86F8F00D27A2B /* Model */ = {
			isa = PBXGroup;
			children = (
				43E8AE4C1FB8742400D27A2B /* SearchResult.swift */,
			);
			path = Model;
			sourceTree = "<group>";
		};
		43E8AE321FB86FD800D27A2B /* Parsers */ = {
			isa = PBXGroup;
			children = (
				43E8AE501FB8A5BA00D27A2B /* Abstract */,
				43E8AE4E1FB8A5A500D27A2B /* SearchResultParser.swift */,
			);
			path = Parsers;
			sourceTree = "<group>";
		};
		43E8AE331FB86FD800D27A2B /* Operations */ = {
			isa = PBXGroup;
			children = (
				43E8AE351FB86FF100D27A2B /* Abstract */,
				43E8AE431FB8724600D27A2B /* MusicSearchRetrievalOperation.swift */,
			);
			path = Operations;
			sourceTree = "<group>";
		};
		43E8AE341FB86FD900D27A2B /* Requests */ = {
			isa = PBXGroup;
			children = (
				43E8AE3C1FB8704D00D27A2B /* Abstract */,
				43E8AE411FB8714600D27A2B /* SearchURLRequestFactory.swift */,
			);
			path = Requests;
			sourceTree = "<group>";
		};
		43E8AE351FB86FF100D27A2B /* Abstract */ = {
			isa = PBXGroup;
			children = (
				43E8AE361FB86FF100D27A2B /* CoalescibleOperation.swift */,
				43E8AE371FB86FF100D27A2B /* ConcurrentOperation.swift */,
			);
			path = Abstract;
			sourceTree = "<group>";
		};
		43E8AE3C1FB8704D00D27A2B /* Abstract */ = {
			isa = PBXGroup;
			children = (
				43E8AE3D1FB8704D00D27A2B /* RequestConfig.swift */,
				43E8AE3E1FB8704D00D27A2B /* RequestFactory.swift */,
			);
			path = Abstract;
			sourceTree = "<group>";
		};
		43E8AE451FB872FA00D27A2B /* Extensions */ = {
			isa = PBXGroup;
			children = (
				43E8AE461FB872FA00D27A2B /* NSObject */,
			);
			path = Extensions;
			sourceTree = "<group>";
		};
		43E8AE461FB872FA00D27A2B /* NSObject */ = {
			isa = PBXGroup;
			children = (
				43E8AE471FB8731E00D27A2B /* NSObject+Name.swift */,
			);
			path = NSObject;
			sourceTree = "<group>";
		};
		43E8AE491FB873CD00D27A2B /* Managers */ = {
			isa = PBXGroup;
			children = (
				43E8AE4A1FB873CD00D27A2B /* QueueManager.swift */,
			);
			path = Managers;
			sourceTree = "<group>";
		};
		43E8AE501FB8A5BA00D27A2B /* Abstract */ = {
			isa = PBXGroup;
			children = (
				43E8AE511FB8A5D400D27A2B /* Parser.swift */,
			);
			path = Abstract;
			sourceTree = "<group>";
		};
/* End PBXGroup section */

/* Begin PBXNativeTarget section */
		43AB392B1FB86D8000559D85 /* iTunesSearch-Example */ = {
			isa = PBXNativeTarget;
			buildConfigurationList = 43AB39491FB86D8000559D85 /* Build configuration list for PBXNativeTarget "iTunesSearch-Example" */;
			buildPhases = (
				43AB39281FB86D8000559D85 /* Sources */,
				43AB39291FB86D8000559D85 /* Frameworks */,
				43AB392A1FB86D8000559D85 /* Resources */,
			);
			buildRules = (
			);
			dependencies = (
			);
			name = "iTunesSearch-Example";
			productName = "iTunesSearch-Example";
			productReference = 43AB392C1FB86D8000559D85 /* iTunesSearch-Example.app */;
			productType = "com.apple.product-type.application";
		};
		43AB393F1FB86D8000559D85 /* iTunesSearch-ExampleTests */ = {
			isa = PBXNativeTarget;
			buildConfigurationList = 43AB394C1FB86D8000559D85 /* Build configuration list for PBXNativeTarget "iTunesSearch-ExampleTests" */;
			buildPhases = (
				43AB393C1FB86D8000559D85 /* Sources */,
				43AB393D1FB86D8000559D85 /* Frameworks */,
				43AB393E1FB86D8000559D85 /* Resources */,
			);
			buildRules = (
			);
			dependencies = (
				43AB39421FB86D8000559D85 /* PBXTargetDependency */,
			);
			name = "iTunesSearch-ExampleTests";
			productName = "iTunesSearch-ExampleTests";
			productReference = 43AB39401FB86D8000559D85 /* iTunesSearch-ExampleTests.xctest */;
			productType = "com.apple.product-type.bundle.unit-test";
		};
/* End PBXNativeTarget section */

/* Begin PBXProject section */
		43AB39241FB86D8000559D85 /* Project object */ = {
			isa = PBXProject;
			attributes = {
				LastSwiftUpdateCheck = 0900;
				LastUpgradeCheck = 0900;
				ORGANIZATIONNAME = "William Boles";
				TargetAttributes = {
					43AB392B1FB86D8000559D85 = {
						CreatedOnToolsVersion = 9.0.1;
						ProvisioningStyle = Automatic;
					};
					43AB393F1FB86D8000559D85 = {
						CreatedOnToolsVersion = 9.0.1;
						ProvisioningStyle = Automatic;
						TestTargetID = 43AB392B1FB86D8000559D85;
					};
				};
			};
			buildConfigurationList = 43AB39271FB86D8000559D85 /* Build configuration list for PBXProject "iTunesSearch-Example" */;
			compatibilityVersion = "Xcode 8.0";
			developmentRegion = en;
			hasScannedForEncodings = 0;
			knownRegions = (
				en,
				Base,
			);
			mainGroup = 43AB39231FB86D8000559D85;
			productRefGroup = 43AB392D1FB86D8000559D85 /* Products */;
			projectDirPath = "";
			projectRoot = "";
			targets = (
				43AB392B1FB86D8000559D85 /* iTunesSearch-Example */,
				43AB393F1FB86D8000559D85 /* iTunesSearch-ExampleTests */,
			);
		};
/* End PBXProject section */

/* Begin PBXResourcesBuildPhase section */
		43AB392A1FB86D8000559D85 /* Resources */ = {
			isa = PBXResourcesBuildPhase;
			buildActionMask = 2147483647;
			files = (
				43E8AE251FB86DF300D27A2B /* LaunchScreen.storyboard in Resources */,
				43E8AE241FB86DF300D27A2B /* Assets.xcassets in Resources */,
				43E8AE221FB86DF300D27A2B /* Info.plist in Resources */,
				43E8AE261FB86DF300D27A2B /* Main.storyboard in Resources */,
			);
			runOnlyForDeploymentPostprocessing = 0;
		};
		43AB393E1FB86D8000559D85 /* Resources */ = {
			isa = PBXResourcesBuildPhase;
			buildActionMask = 2147483647;
			files = (
				43CEB7741FB9FA54002DE24B /* Info.plist in Resources */,
			);
			runOnlyForDeploymentPostprocessing = 0;
		};
/* End PBXResourcesBuildPhase section */

/* Begin PBXSourcesBuildPhase section */
		43AB39281FB86D8000559D85 /* Sources */ = {
			isa = PBXSourcesBuildPhase;
			buildActionMask = 2147483647;
			files = (
				43E8AE401FB8704D00D27A2B /* RequestFactory.swift in Sources */,
				43E8AE391FB86FF100D27A2B /* CoalescibleOperation.swift in Sources */,
				43E8AE441FB8724600D27A2B /* MusicSearchRetrievalOperation.swift in Sources */,
				43E8AE421FB8714600D27A2B /* SearchURLRequestFactory.swift in Sources */,
				43E8AE231FB86DF300D27A2B /* SearchListViewController.swift in Sources */,
				43E8AE3A1FB86FF100D27A2B /* ConcurrentOperation.swift in Sources */,
				43E8AE521FB8A5D400D27A2B /* Parser.swift in Sources */,
				43E8AE3F1FB8704D00D27A2B /* RequestConfig.swift in Sources */,
				43E8AE4D1FB8742400D27A2B /* SearchResult.swift in Sources */,
				43E8AE211FB86DF300D27A2B /* AppDelegate.swift in Sources */,
				43E8AE4F1FB8A5A500D27A2B /* SearchResultParser.swift in Sources */,
				43E8AE4B1FB873CD00D27A2B /* QueueManager.swift in Sources */,
				43E8AE481FB8731E00D27A2B /* NSObject+Name.swift in Sources */,
				43E8AE311FB86FB500D27A2B /* SearchDataManager.swift in Sources */,
			);
			runOnlyForDeploymentPostprocessing = 0;
		};
		43AB393C1FB86D8000559D85 /* Sources */ = {
			isa = PBXSourcesBuildPhase;
			buildActionMask = 2147483647;
			files = (
				43CEB77A1FBA11DB002DE24B /* QueueManagerTests.swift in Sources */,
				43CEB7721FB9FA54002DE24B /* iTunesSearch_ExampleTests.swift in Sources */,
				43CEB7781FBA0757002DE24B /* SearchDataManagerTests.swift in Sources */,
				43CEB7731FB9FA54002DE24B /* SearchResultParserTests.swift in Sources */,
				43CEB77C1FBA12DC002DE24B /* CoalescibleOperationTests.swift in Sources */,
				43CEB7761FB9FDBF002DE24B /* SearchURLRequestFactoryTests.swift in Sources */,
			);
			runOnlyForDeploymentPostprocessing = 0;
		};
/* End PBXSourcesBuildPhase section */

/* Begin PBXTargetDependency section */
		43AB39421FB86D8000559D85 /* PBXTargetDependency */ = {
			isa = PBXTargetDependency;
			target = 43AB392B1FB86D8000559D85 /* iTunesSearch-Example */;
			targetProxy = 43AB39411FB86D8000559D85 /* PBXContainerItemProxy */;
		};
/* End PBXTargetDependency section */

/* Begin PBXVariantGroup section */
		43E8AE1D1FB86DF300D27A2B /* LaunchScreen.storyboard */ = {
			isa = PBXVariantGroup;
			children = (
				43E8AE1E1FB86DF300D27A2B /* Base */,
			);
			name = LaunchScreen.storyboard;
			sourceTree = "<group>";
		};
		43E8AE1F1FB86DF300D27A2B /* Main.storyboard */ = {
			isa = PBXVariantGroup;
			children = (
				43E8AE201FB86DF300D27A2B /* Base */,
			);
			name = Main.storyboard;
			sourceTree = "<group>";
		};
/* End PBXVariantGroup section */

/* Begin XCBuildConfiguration section */
		43AB39471FB86D8000559D85 /* Debug */ = {
			isa = XCBuildConfiguration;
			buildSettings = {
				ALWAYS_SEARCH_USER_PATHS = NO;
				CLANG_ANALYZER_NONNULL = YES;
				CLANG_ANALYZER_NUMBER_OBJECT_CONVERSION = YES_AGGRESSIVE;
				CLANG_CXX_LANGUAGE_STANDARD = "gnu++14";
				CLANG_CXX_LIBRARY = "libc++";
				CLANG_ENABLE_MODULES = YES;
				CLANG_ENABLE_OBJC_ARC = YES;
				CLANG_WARN_BLOCK_CAPTURE_AUTORELEASING = YES;
				CLANG_WARN_BOOL_CONVERSION = YES;
				CLANG_WARN_COMMA = YES;
				CLANG_WARN_CONSTANT_CONVERSION = YES;
				CLANG_WARN_DIRECT_OBJC_ISA_USAGE = YES_ERROR;
				CLANG_WARN_DOCUMENTATION_COMMENTS = YES;
				CLANG_WARN_EMPTY_BODY = YES;
				CLANG_WARN_ENUM_CONVERSION = YES;
				CLANG_WARN_INFINITE_RECURSION = YES;
				CLANG_WARN_INT_CONVERSION = YES;
				CLANG_WARN_NON_LITERAL_NULL_CONVERSION = YES;
				CLANG_WARN_OBJC_LITERAL_CONVERSION = YES;
				CLANG_WARN_OBJC_ROOT_CLASS = YES_ERROR;
				CLANG_WARN_RANGE_LOOP_ANALYSIS = YES;
				CLANG_WARN_STRICT_PROTOTYPES = YES;
				CLANG_WARN_SUSPICIOUS_MOVE = YES;
				CLANG_WARN_UNGUARDED_AVAILABILITY = YES_AGGRESSIVE;
				CLANG_WARN_UNREACHABLE_CODE = YES;
				CLANG_WARN__DUPLICATE_METHOD_MATCH = YES;
				CODE_SIGN_IDENTITY = "iPhone Developer";
				COPY_PHASE_STRIP = NO;
				DEBUG_INFORMATION_FORMAT = dwarf;
				ENABLE_STRICT_OBJC_MSGSEND = YES;
				ENABLE_TESTABILITY = YES;
				GCC_C_LANGUAGE_STANDARD = gnu11;
				GCC_DYNAMIC_NO_PIC = NO;
				GCC_NO_COMMON_BLOCKS = YES;
				GCC_OPTIMIZATION_LEVEL = 0;
				GCC_PREPROCESSOR_DEFINITIONS = (
					"DEBUG=1",
					"$(inherited)",
				);
				GCC_WARN_64_TO_32_BIT_CONVERSION = YES;
				GCC_WARN_ABOUT_RETURN_TYPE = YES_ERROR;
				GCC_WARN_UNDECLARED_SELECTOR = YES;
				GCC_WARN_UNINITIALIZED_AUTOS = YES_AGGRESSIVE;
				GCC_WARN_UNUSED_FUNCTION = YES;
				GCC_WARN_UNUSED_VARIABLE = YES;
				IPHONEOS_DEPLOYMENT_TARGET = 11.0;
				MTL_ENABLE_DEBUG_INFO = YES;
				ONLY_ACTIVE_ARCH = YES;
				SDKROOT = iphoneos;
				SWIFT_ACTIVE_COMPILATION_CONDITIONS = DEBUG;
				SWIFT_OPTIMIZATION_LEVEL = "-Onone";
			};
			name = Debug;
		};
		43AB39481FB86D8000559D85 /* Release */ = {
			isa = XCBuildConfiguration;
			buildSettings = {
				ALWAYS_SEARCH_USER_PATHS = NO;
				CLANG_ANALYZER_NONNULL = YES;
				CLANG_ANALYZER_NUMBER_OBJECT_CONVERSION = YES_AGGRESSIVE;
				CLANG_CXX_LANGUAGE_STANDARD = "gnu++14";
				CLANG_CXX_LIBRARY = "libc++";
				CLANG_ENABLE_MODULES = YES;
				CLANG_ENABLE_OBJC_ARC = YES;
				CLANG_WARN_BLOCK_CAPTURE_AUTORELEASING = YES;
				CLANG_WARN_BOOL_CONVERSION = YES;
				CLANG_WARN_COMMA = YES;
				CLANG_WARN_CONSTANT_CONVERSION = YES;
				CLANG_WARN_DIRECT_OBJC_ISA_USAGE = YES_ERROR;
				CLANG_WARN_DOCUMENTATION_COMMENTS = YES;
				CLANG_WARN_EMPTY_BODY = YES;
				CLANG_WARN_ENUM_CONVERSION = YES;
				CLANG_WARN_INFINITE_RECURSION = YES;
				CLANG_WARN_INT_CONVERSION = YES;
				CLANG_WARN_NON_LITERAL_NULL_CONVERSION = YES;
				CLANG_WARN_OBJC_LITERAL_CONVERSION = YES;
				CLANG_WARN_OBJC_ROOT_CLASS = YES_ERROR;
				CLANG_WARN_RANGE_LOOP_ANALYSIS = YES;
				CLANG_WARN_STRICT_PROTOTYPES = YES;
				CLANG_WARN_SUSPICIOUS_MOVE = YES;
				CLANG_WARN_UNGUARDED_AVAILABILITY = YES_AGGRESSIVE;
				CLANG_WARN_UNREACHABLE_CODE = YES;
				CLANG_WARN__DUPLICATE_METHOD_MATCH = YES;
				CODE_SIGN_IDENTITY = "iPhone Developer";
				COPY_PHASE_STRIP = NO;
				DEBUG_INFORMATION_FORMAT = "dwarf-with-dsym";
				ENABLE_NS_ASSERTIONS = NO;
				ENABLE_STRICT_OBJC_MSGSEND = YES;
				GCC_C_LANGUAGE_STANDARD = gnu11;
				GCC_NO_COMMON_BLOCKS = YES;
				GCC_WARN_64_TO_32_BIT_CONVERSION = YES;
				GCC_WARN_ABOUT_RETURN_TYPE = YES_ERROR;
				GCC_WARN_UNDECLARED_SELECTOR = YES;
				GCC_WARN_UNINITIALIZED_AUTOS = YES_AGGRESSIVE;
				GCC_WARN_UNUSED_FUNCTION = YES;
				GCC_WARN_UNUSED_VARIABLE = YES;
				IPHONEOS_DEPLOYMENT_TARGET = 11.0;
				MTL_ENABLE_DEBUG_INFO = NO;
				SDKROOT = iphoneos;
				SWIFT_OPTIMIZATION_LEVEL = "-Owholemodule";
				VALIDATE_PRODUCT = YES;
			};
			name = Release;
		};
		43AB394A1FB86D8000559D85 /* Debug */ = {
			isa = XCBuildConfiguration;
			buildSettings = {
				ASSETCATALOG_COMPILER_APPICON_NAME = AppIcon;
				CODE_SIGN_STYLE = Automatic;
				INFOPLIST_FILE = "iTunesSearch-Example/Application/Info.plist";
				LD_RUNPATH_SEARCH_PATHS = "$(inherited) @executable_path/Frameworks";
				PRODUCT_BUNDLE_IDENTIFIER = "com.williamboles.iTunesSearch-Example";
				PRODUCT_NAME = "$(TARGET_NAME)";
				SWIFT_VERSION = 4.0;
				TARGETED_DEVICE_FAMILY = "1,2";
			};
			name = Debug;
		};
		43AB394B1FB86D8000559D85 /* Release */ = {
			isa = XCBuildConfiguration;
			buildSettings = {
				ASSETCATALOG_COMPILER_APPICON_NAME = AppIcon;
				CODE_SIGN_STYLE = Automatic;
				INFOPLIST_FILE = "iTunesSearch-Example/Application/Info.plist";
				LD_RUNPATH_SEARCH_PATHS = "$(inherited) @executable_path/Frameworks";
				PRODUCT_BUNDLE_IDENTIFIER = "com.williamboles.iTunesSearch-Example";
				PRODUCT_NAME = "$(TARGET_NAME)";
				SWIFT_VERSION = 4.0;
				TARGETED_DEVICE_FAMILY = "1,2";
			};
			name = Release;
		};
		43AB394D1FB86D8000559D85 /* Debug */ = {
			isa = XCBuildConfiguration;
			buildSettings = {
				ALWAYS_EMBED_SWIFT_STANDARD_LIBRARIES = YES;
				BUNDLE_LOADER = "$(TEST_HOST)";
				CODE_SIGN_STYLE = Automatic;
				INFOPLIST_FILE = "iTunesSearch-ExampleTests/SupportingFiles/Info.plist";
				LD_RUNPATH_SEARCH_PATHS = "$(inherited) @executable_path/Frameworks @loader_path/Frameworks";
				PRODUCT_BUNDLE_IDENTIFIER = "com.williamboles.iTunesSearch-ExampleTests";
				PRODUCT_NAME = "$(TARGET_NAME)";
				SWIFT_VERSION = 4.0;
				TARGETED_DEVICE_FAMILY = "1,2";
				TEST_HOST = "$(BUILT_PRODUCTS_DIR)/iTunesSearch-Example.app/iTunesSearch-Example";
			};
			name = Debug;
		};
		43AB394E1FB86D8000559D85 /* Release */ = {
			isa = XCBuildConfiguration;
			buildSettings = {
				ALWAYS_EMBED_SWIFT_STANDARD_LIBRARIES = YES;
				BUNDLE_LOADER = "$(TEST_HOST)";
				CODE_SIGN_STYLE = Automatic;
				INFOPLIST_FILE = "iTunesSearch-ExampleTests/SupportingFiles/Info.plist";
				LD_RUNPATH_SEARCH_PATHS = "$(inherited) @executable_path/Frameworks @loader_path/Frameworks";
				PRODUCT_BUNDLE_IDENTIFIER = "com.williamboles.iTunesSearch-ExampleTests";
				PRODUCT_NAME = "$(TARGET_NAME)";
				SWIFT_VERSION = 4.0;
				TARGETED_DEVICE_FAMILY = "1,2";
				TEST_HOST = "$(BUILT_PRODUCTS_DIR)/iTunesSearch-Example.app/iTunesSearch-Example";
			};
			name = Release;
		};
/* End XCBuildConfiguration section */

/* Begin XCConfigurationList section */
		43AB39271FB86D8000559D85 /* Build configuration list for PBXProject "iTunesSearch-Example" */ = {
			isa = XCConfigurationList;
			buildConfigurations = (
				43AB39471FB86D8000559D85 /* Debug */,
				43AB39481FB86D8000559D85 /* Release */,
			);
			defaultConfigurationIsVisible = 0;
			defaultConfigurationName = Release;
		};
		43AB39491FB86D8000559D85 /* Build configuration list for PBXNativeTarget "iTunesSearch-Example" */ = {
			isa = XCConfigurationList;
			buildConfigurations = (
				43AB394A1FB86D8000559D85 /* Debug */,
				43AB394B1FB86D8000559D85 /* Release */,
			);
			defaultConfigurationIsVisible = 0;
			defaultConfigurationName = Release;
		};
		43AB394C1FB86D8000559D85 /* Build configuration list for PBXNativeTarget "iTunesSearch-ExampleTests" */ = {
			isa = XCConfigurationList;
			buildConfigurations = (
				43AB394D1FB86D8000559D85 /* Debug */,
				43AB394E1FB86D8000559D85 /* Release */,
			);
			defaultConfigurationIsVisible = 0;
			defaultConfigurationName = Release;
		};
/* End XCConfigurationList section */
	};
	rootObject = 43AB39241FB86D8000559D85 /* Project object */;
}
